// !$*UTF8*$!
{
	archiveVersion = 1;
	classes = {
	};
	objectVersion = 52;
	objects = {

/* Begin PBXBuildFile section */
		2E02A5DE23EEA4DA00B7E688 /* QiitaRecentlyListViewModel.swift in Sources */ = {isa = PBXBuildFile; fileRef = 2E02A5DD23EEA4DA00B7E688 /* QiitaRecentlyListViewModel.swift */; };
		2E02A5E023EFD44D00B7E688 /* QiitaItemStoreManager.swift in Sources */ = {isa = PBXBuildFile; fileRef = 2E02A5DF23EFD44D00B7E688 /* QiitaItemStoreManager.swift */; };
		2E05E25623E449E300D8FC88 /* SafariView.swift in Sources */ = {isa = PBXBuildFile; fileRef = 2E05E25523E449E300D8FC88 /* SafariView.swift */; };
		2E05E25C23E5464700D8FC88 /* KeychainWrapper.swift in Sources */ = {isa = PBXBuildFile; fileRef = 2E05E25B23E5464700D8FC88 /* KeychainWrapper.swift */; };
		2E05E25F23E5513500D8FC88 /* QiitaRequest.swift in Sources */ = {isa = PBXBuildFile; fileRef = 2E05E25E23E5513500D8FC88 /* QiitaRequest.swift */; };
		2E05E26223E551A000D8FC88 /* QiitaResponse.swift in Sources */ = {isa = PBXBuildFile; fileRef = 2E05E26123E551A000D8FC88 /* QiitaResponse.swift */; };
		2E05E26423E5572000D8FC88 /* AuthManager.swift in Sources */ = {isa = PBXBuildFile; fileRef = 2E05E26323E5572000D8FC88 /* AuthManager.swift */; };
		2E05E26723E557C700D8FC88 /* QiitaKitError.swift in Sources */ = {isa = PBXBuildFile; fileRef = 2E05E26623E557C700D8FC88 /* QiitaKitError.swift */; };
		2E05E26A23E5589D00D8FC88 /* CustomStringConvertible+Default.swift in Sources */ = {isa = PBXBuildFile; fileRef = 2E05E26923E5589D00D8FC88 /* CustomStringConvertible+Default.swift */; };
		2E05E26C23E562F500D8FC88 /* AuthorizeRequest.swift in Sources */ = {isa = PBXBuildFile; fileRef = 2E05E26B23E562F500D8FC88 /* AuthorizeRequest.swift */; };
		2E05E26E23E5635600D8FC88 /* QiitaAPI.swift in Sources */ = {isa = PBXBuildFile; fileRef = 2E05E26D23E5635600D8FC88 /* QiitaAPI.swift */; };
		2E05E27023E5660B00D8FC88 /* EmptyResponse.swift in Sources */ = {isa = PBXBuildFile; fileRef = 2E05E26F23E5660B00D8FC88 /* EmptyResponse.swift */; };
		2E05E27223E56D0500D8FC88 /* Config.plist in Resources */ = {isa = PBXBuildFile; fileRef = 2E05E27123E56D0500D8FC88 /* Config.plist */; };
		2E05E27423E570ED00D8FC88 /* AuthorizedView.swift in Sources */ = {isa = PBXBuildFile; fileRef = 2E05E27323E570ED00D8FC88 /* AuthorizedView.swift */; };
		2E05E27623E5768800D8FC88 /* LoginView.swift in Sources */ = {isa = PBXBuildFile; fileRef = 2E05E27523E5768800D8FC88 /* LoginView.swift */; };
		2E05E27823E57A9600D8FC88 /* NSURL+Fragments.swift in Sources */ = {isa = PBXBuildFile; fileRef = 2E05E27723E57A9600D8FC88 /* NSURL+Fragments.swift */; };
		2E05E27A23E57FE500D8FC88 /* AccessTokenRequest.swift in Sources */ = {isa = PBXBuildFile; fileRef = 2E05E27923E57FE500D8FC88 /* AccessTokenRequest.swift */; };
		2E05E27D23E5806400D8FC88 /* AccessToken.swift in Sources */ = {isa = PBXBuildFile; fileRef = 2E05E27C23E5806400D8FC88 /* AccessToken.swift */; };
		2E05E27F23E86F1900D8FC88 /* GetItemRequest.swift in Sources */ = {isa = PBXBuildFile; fileRef = 2E05E27E23E86F1900D8FC88 /* GetItemRequest.swift */; };
		2E05E28123E8703E00D8FC88 /* Item.swift in Sources */ = {isa = PBXBuildFile; fileRef = 2E05E28023E8703E00D8FC88 /* Item.swift */; };
		2E05E28323E871E000D8FC88 /* User.swift in Sources */ = {isa = PBXBuildFile; fileRef = 2E05E28223E871E000D8FC88 /* User.swift */; };
		2E05E28523E8740100D8FC88 /* Group.swift in Sources */ = {isa = PBXBuildFile; fileRef = 2E05E28423E8740100D8FC88 /* Group.swift */; };
		2E05E28723E8750400D8FC88 /* GetItemsRequest.swift in Sources */ = {isa = PBXBuildFile; fileRef = 2E05E28623E8750400D8FC88 /* GetItemsRequest.swift */; };
		2E05E28923E8766200D8FC88 /* PageableResponse.swift in Sources */ = {isa = PBXBuildFile; fileRef = 2E05E28823E8766200D8FC88 /* PageableResponse.swift */; };
		2E05E28B23E8835100D8FC88 /* File.swift in Sources */ = {isa = PBXBuildFile; fileRef = 2E05E28A23E8835100D8FC88 /* File.swift */; };
		2E05E28D23E9419900D8FC88 /* RootView.swift in Sources */ = {isa = PBXBuildFile; fileRef = 2E05E28C23E9419900D8FC88 /* RootView.swift */; };
		2E05E28F23EB01B000D8FC88 /* Data.swift in Sources */ = {isa = PBXBuildFile; fileRef = 2E05E28E23EB01B000D8FC88 /* Data.swift */; };
		2E05E29223EB030A00D8FC88 /* articleData.json in Resources */ = {isa = PBXBuildFile; fileRef = 2E05E29123EB030A00D8FC88 /* articleData.json */; };
		2E05E29423EC3C0200D8FC88 /* QiitaArticleRowView.swift in Sources */ = {isa = PBXBuildFile; fileRef = 2E05E29323EC3C0200D8FC88 /* QiitaArticleRowView.swift */; };
		2E05E29623EC3D6400D8FC88 /* AuthorDisplayVM.swift in Sources */ = {isa = PBXBuildFile; fileRef = 2E05E29523EC3D6400D8FC88 /* AuthorDisplayVM.swift */; };
		2E944B4023EE9F3F00DEB664 /* UserDefaultManager.swift in Sources */ = {isa = PBXBuildFile; fileRef = 2E944B3F23EE9F3F00DEB664 /* UserDefaultManager.swift */; };
		2EDB90B5241A1EA900BB5F74 /* SwiftUIRefresh in Frameworks */ = {isa = PBXBuildFile; productRef = 2EDB90B4241A1EA900BB5F74 /* SwiftUIRefresh */; };
		2EDB90B7241A241C00BB5F74 /* QiitaArticleFavoriteView.swift in Sources */ = {isa = PBXBuildFile; fileRef = 2EDB90B6241A241C00BB5F74 /* QiitaArticleFavoriteView.swift */; };
		2EDB90B9241A248D00BB5F74 /* QiitaArticleHistoryView.swift in Sources */ = {isa = PBXBuildFile; fileRef = 2EDB90B8241A248D00BB5F74 /* QiitaArticleHistoryView.swift */; };
		2EDB90BC241A300400BB5F74 /* SwiftDate in Frameworks */ = {isa = PBXBuildFile; productRef = 2EDB90BB241A300400BB5F74 /* SwiftDate */; };
		2EDB90BE241A349600BB5F74 /* ActivityIndicatorView.swift in Sources */ = {isa = PBXBuildFile; fileRef = 2EDB90BD241A349600BB5F74 /* ActivityIndicatorView.swift */; };
		2EF38C2023E301830035B96A /* AppDelegate.swift in Sources */ = {isa = PBXBuildFile; fileRef = 2EF38C1F23E301830035B96A /* AppDelegate.swift */; };
		2EF38C2223E301830035B96A /* SceneDelegate.swift in Sources */ = {isa = PBXBuildFile; fileRef = 2EF38C2123E301830035B96A /* SceneDelegate.swift */; };
		2EF38C2423E301830035B96A /* ContentView.swift in Sources */ = {isa = PBXBuildFile; fileRef = 2EF38C2323E301830035B96A /* ContentView.swift */; };
		2EF38C2623E301850035B96A /* Assets.xcassets in Resources */ = {isa = PBXBuildFile; fileRef = 2EF38C2523E301850035B96A /* Assets.xcassets */; };
		2EF38C2923E301850035B96A /* Preview Assets.xcassets in Resources */ = {isa = PBXBuildFile; fileRef = 2EF38C2823E301850035B96A /* Preview Assets.xcassets */; };
		2EF38C2C23E301850035B96A /* LaunchScreen.storyboard in Resources */ = {isa = PBXBuildFile; fileRef = 2EF38C2A23E301850035B96A /* LaunchScreen.storyboard */; };
		2EF38C3523E302030035B96A /* QiitaStruct.swift in Sources */ = {isa = PBXBuildFile; fileRef = 2EF38C3423E302030035B96A /* QiitaStruct.swift */; };
		2EF38C3823E302320035B96A /* QiitaViewModel.swift in Sources */ = {isa = PBXBuildFile; fileRef = 2EF38C3723E302320035B96A /* QiitaViewModel.swift */; };
		2EF38C3D23E3049B0035B96A /* QiitaArticleView.swift in Sources */ = {isa = PBXBuildFile; fileRef = 2EF38C3C23E3049B0035B96A /* QiitaArticleView.swift */; };
		2EF38C3F23E315220035B96A /* QiitaListViewModel.swift in Sources */ = {isa = PBXBuildFile; fileRef = 2EF38C3E23E315220035B96A /* QiitaListViewModel.swift */; };
/* End PBXBuildFile section */

/* Begin PBXFileReference section */
		2E02A5DD23EEA4DA00B7E688 /* QiitaRecentlyListViewModel.swift */ = {isa = PBXFileReference; lastKnownFileType = sourcecode.swift; path = QiitaRecentlyListViewModel.swift; sourceTree = "<group>"; };
		2E02A5DF23EFD44D00B7E688 /* QiitaItemStoreManager.swift */ = {isa = PBXFileReference; lastKnownFileType = sourcecode.swift; path = QiitaItemStoreManager.swift; sourceTree = "<group>"; };
		2E05E25523E449E300D8FC88 /* SafariView.swift */ = {isa = PBXFileReference; lastKnownFileType = sourcecode.swift; path = SafariView.swift; sourceTree = "<group>"; };
		2E05E25B23E5464700D8FC88 /* KeychainWrapper.swift */ = {isa = PBXFileReference; lastKnownFileType = sourcecode.swift; path = KeychainWrapper.swift; sourceTree = "<group>"; };
		2E05E25E23E5513500D8FC88 /* QiitaRequest.swift */ = {isa = PBXFileReference; lastKnownFileType = sourcecode.swift; path = QiitaRequest.swift; sourceTree = "<group>"; };
		2E05E26123E551A000D8FC88 /* QiitaResponse.swift */ = {isa = PBXFileReference; lastKnownFileType = sourcecode.swift; path = QiitaResponse.swift; sourceTree = "<group>"; };
		2E05E26323E5572000D8FC88 /* AuthManager.swift */ = {isa = PBXFileReference; lastKnownFileType = sourcecode.swift; path = AuthManager.swift; sourceTree = "<group>"; };
		2E05E26623E557C700D8FC88 /* QiitaKitError.swift */ = {isa = PBXFileReference; lastKnownFileType = sourcecode.swift; path = QiitaKitError.swift; sourceTree = "<group>"; };
		2E05E26923E5589D00D8FC88 /* CustomStringConvertible+Default.swift */ = {isa = PBXFileReference; lastKnownFileType = sourcecode.swift; path = "CustomStringConvertible+Default.swift"; sourceTree = "<group>"; };
		2E05E26B23E562F500D8FC88 /* AuthorizeRequest.swift */ = {isa = PBXFileReference; lastKnownFileType = sourcecode.swift; path = AuthorizeRequest.swift; sourceTree = "<group>"; };
		2E05E26D23E5635600D8FC88 /* QiitaAPI.swift */ = {isa = PBXFileReference; lastKnownFileType = sourcecode.swift; path = QiitaAPI.swift; sourceTree = "<group>"; };
		2E05E26F23E5660B00D8FC88 /* EmptyResponse.swift */ = {isa = PBXFileReference; lastKnownFileType = sourcecode.swift; path = EmptyResponse.swift; sourceTree = "<group>"; };
		2E05E27123E56D0500D8FC88 /* Config.plist */ = {isa = PBXFileReference; lastKnownFileType = text.plist.xml; path = Config.plist; sourceTree = "<group>"; };
		2E05E27323E570ED00D8FC88 /* AuthorizedView.swift */ = {isa = PBXFileReference; lastKnownFileType = sourcecode.swift; path = AuthorizedView.swift; sourceTree = "<group>"; };
		2E05E27523E5768800D8FC88 /* LoginView.swift */ = {isa = PBXFileReference; lastKnownFileType = sourcecode.swift; path = LoginView.swift; sourceTree = "<group>"; };
		2E05E27723E57A9600D8FC88 /* NSURL+Fragments.swift */ = {isa = PBXFileReference; lastKnownFileType = sourcecode.swift; path = "NSURL+Fragments.swift"; sourceTree = "<group>"; };
		2E05E27923E57FE500D8FC88 /* AccessTokenRequest.swift */ = {isa = PBXFileReference; lastKnownFileType = sourcecode.swift; path = AccessTokenRequest.swift; sourceTree = "<group>"; };
		2E05E27C23E5806400D8FC88 /* AccessToken.swift */ = {isa = PBXFileReference; lastKnownFileType = sourcecode.swift; path = AccessToken.swift; sourceTree = "<group>"; };
		2E05E27E23E86F1900D8FC88 /* GetItemRequest.swift */ = {isa = PBXFileReference; lastKnownFileType = sourcecode.swift; path = GetItemRequest.swift; sourceTree = "<group>"; };
		2E05E28023E8703E00D8FC88 /* Item.swift */ = {isa = PBXFileReference; lastKnownFileType = sourcecode.swift; path = Item.swift; sourceTree = "<group>"; };
		2E05E28223E871E000D8FC88 /* User.swift */ = {isa = PBXFileReference; lastKnownFileType = sourcecode.swift; path = User.swift; sourceTree = "<group>"; };
		2E05E28423E8740100D8FC88 /* Group.swift */ = {isa = PBXFileReference; lastKnownFileType = sourcecode.swift; path = Group.swift; sourceTree = "<group>"; };
		2E05E28623E8750400D8FC88 /* GetItemsRequest.swift */ = {isa = PBXFileReference; lastKnownFileType = sourcecode.swift; path = GetItemsRequest.swift; sourceTree = "<group>"; };
		2E05E28823E8766200D8FC88 /* PageableResponse.swift */ = {isa = PBXFileReference; lastKnownFileType = sourcecode.swift; path = PageableResponse.swift; sourceTree = "<group>"; };
		2E05E28A23E8835100D8FC88 /* File.swift */ = {isa = PBXFileReference; lastKnownFileType = sourcecode.swift; path = File.swift; sourceTree = "<group>"; };
		2E05E28C23E9419900D8FC88 /* RootView.swift */ = {isa = PBXFileReference; lastKnownFileType = sourcecode.swift; path = RootView.swift; sourceTree = "<group>"; };
		2E05E28E23EB01B000D8FC88 /* Data.swift */ = {isa = PBXFileReference; lastKnownFileType = sourcecode.swift; path = Data.swift; sourceTree = "<group>"; };
		2E05E29123EB030A00D8FC88 /* articleData.json */ = {isa = PBXFileReference; lastKnownFileType = text.json; path = articleData.json; sourceTree = "<group>"; };
		2E05E29323EC3C0200D8FC88 /* QiitaArticleRowView.swift */ = {isa = PBXFileReference; lastKnownFileType = sourcecode.swift; path = QiitaArticleRowView.swift; sourceTree = "<group>"; };
		2E05E29523EC3D6400D8FC88 /* AuthorDisplayVM.swift */ = {isa = PBXFileReference; lastKnownFileType = sourcecode.swift; path = AuthorDisplayVM.swift; sourceTree = "<group>"; };
		2E944B3F23EE9F3F00DEB664 /* UserDefaultManager.swift */ = {isa = PBXFileReference; lastKnownFileType = sourcecode.swift; path = UserDefaultManager.swift; sourceTree = "<group>"; };
		2EDB90B6241A241C00BB5F74 /* QiitaArticleFavoriteView.swift */ = {isa = PBXFileReference; lastKnownFileType = sourcecode.swift; path = QiitaArticleFavoriteView.swift; sourceTree = "<group>"; };
		2EDB90B8241A248D00BB5F74 /* QiitaArticleHistoryView.swift */ = {isa = PBXFileReference; lastKnownFileType = sourcecode.swift; path = QiitaArticleHistoryView.swift; sourceTree = "<group>"; };
		2EDB90BD241A349600BB5F74 /* ActivityIndicatorView.swift */ = {isa = PBXFileReference; lastKnownFileType = sourcecode.swift; path = ActivityIndicatorView.swift; sourceTree = "<group>"; };
		2EF38C1C23E301830035B96A /* SwiftUIForQiita.app */ = {isa = PBXFileReference; explicitFileType = wrapper.application; includeInIndex = 0; path = SwiftUIForQiita.app; sourceTree = BUILT_PRODUCTS_DIR; };
		2EF38C1F23E301830035B96A /* AppDelegate.swift */ = {isa = PBXFileReference; lastKnownFileType = sourcecode.swift; path = AppDelegate.swift; sourceTree = "<group>"; };
		2EF38C2123E301830035B96A /* SceneDelegate.swift */ = {isa = PBXFileReference; lastKnownFileType = sourcecode.swift; path = SceneDelegate.swift; sourceTree = "<group>"; };
		2EF38C2323E301830035B96A /* ContentView.swift */ = {isa = PBXFileReference; lastKnownFileType = sourcecode.swift; path = ContentView.swift; sourceTree = "<group>"; };
		2EF38C2523E301850035B96A /* Assets.xcassets */ = {isa = PBXFileReference; lastKnownFileType = folder.assetcatalog; path = Assets.xcassets; sourceTree = "<group>"; };
		2EF38C2823E301850035B96A /* Preview Assets.xcassets */ = {isa = PBXFileReference; lastKnownFileType = folder.assetcatalog; path = "Preview Assets.xcassets"; sourceTree = "<group>"; };
		2EF38C2B23E301850035B96A /* Base */ = {isa = PBXFileReference; lastKnownFileType = file.storyboard; name = Base; path = Base.lproj/LaunchScreen.storyboard; sourceTree = "<group>"; };
		2EF38C2D23E301850035B96A /* Info.plist */ = {isa = PBXFileReference; lastKnownFileType = text.plist.xml; path = Info.plist; sourceTree = "<group>"; };
		2EF38C3423E302030035B96A /* QiitaStruct.swift */ = {isa = PBXFileReference; lastKnownFileType = sourcecode.swift; path = QiitaStruct.swift; sourceTree = "<group>"; };
		2EF38C3723E302320035B96A /* QiitaViewModel.swift */ = {isa = PBXFileReference; lastKnownFileType = sourcecode.swift; path = QiitaViewModel.swift; sourceTree = "<group>"; };
		2EF38C3C23E3049B0035B96A /* QiitaArticleView.swift */ = {isa = PBXFileReference; lastKnownFileType = sourcecode.swift; path = QiitaArticleView.swift; sourceTree = "<group>"; };
		2EF38C3E23E315220035B96A /* QiitaListViewModel.swift */ = {isa = PBXFileReference; lastKnownFileType = sourcecode.swift; path = QiitaListViewModel.swift; sourceTree = "<group>"; };
/* End PBXFileReference section */

/* Begin PBXFrameworksBuildPhase section */
		2EF38C1923E301830035B96A /* Frameworks */ = {
			isa = PBXFrameworksBuildPhase;
			buildActionMask = 2147483647;
			files = (
				2EDB90BC241A300400BB5F74 /* SwiftDate in Frameworks */,
				2EDB90B5241A1EA900BB5F74 /* SwiftUIRefresh in Frameworks */,
			);
			runOnlyForDeploymentPostprocessing = 0;
		};
/* End PBXFrameworksBuildPhase section */

/* Begin PBXGroup section */
		2E05E25923E5462300D8FC88 /* QiitaKit */ = {
			isa = PBXGroup;
			children = (
				2E05E27B23E5805B00D8FC88 /* Entities */,
				2E05E26823E5588E00D8FC88 /* Extensions */,
				2E05E26023E5519700D8FC88 /* Responses */,
				2E05E25D23E5512900D8FC88 /* Requests */,
				2E05E25A23E5462C00D8FC88 /* Model */,
				2E05E26623E557C700D8FC88 /* QiitaKitError.swift */,
				2E05E26D23E5635600D8FC88 /* QiitaAPI.swift */,
			);
			path = QiitaKit;
			sourceTree = "<group>";
		};
		2E05E25A23E5462C00D8FC88 /* Model */ = {
			isa = PBXGroup;
			children = (
				2E05E25B23E5464700D8FC88 /* KeychainWrapper.swift */,
				2E05E26323E5572000D8FC88 /* AuthManager.swift */,
				2E944B3F23EE9F3F00DEB664 /* UserDefaultManager.swift */,
				2E02A5DF23EFD44D00B7E688 /* QiitaItemStoreManager.swift */,
			);
			path = Model;
			sourceTree = "<group>";
		};
		2E05E25D23E5512900D8FC88 /* Requests */ = {
			isa = PBXGroup;
			children = (
				2E05E25E23E5513500D8FC88 /* QiitaRequest.swift */,
				2E05E26B23E562F500D8FC88 /* AuthorizeRequest.swift */,
				2E05E27923E57FE500D8FC88 /* AccessTokenRequest.swift */,
				2E05E27E23E86F1900D8FC88 /* GetItemRequest.swift */,
				2E05E28623E8750400D8FC88 /* GetItemsRequest.swift */,
			);
			path = Requests;
			sourceTree = "<group>";
		};
		2E05E26023E5519700D8FC88 /* Responses */ = {
			isa = PBXGroup;
			children = (
				2E05E26123E551A000D8FC88 /* QiitaResponse.swift */,
				2E05E26F23E5660B00D8FC88 /* EmptyResponse.swift */,
				2E05E28823E8766200D8FC88 /* PageableResponse.swift */,
			);
			path = Responses;
			sourceTree = "<group>";
		};
		2E05E26823E5588E00D8FC88 /* Extensions */ = {
			isa = PBXGroup;
			children = (
				2E05E26923E5589D00D8FC88 /* CustomStringConvertible+Default.swift */,
				2E05E27723E57A9600D8FC88 /* NSURL+Fragments.swift */,
			);
			path = Extensions;
			sourceTree = "<group>";
		};
		2E05E27B23E5805B00D8FC88 /* Entities */ = {
			isa = PBXGroup;
			children = (
				2E05E27C23E5806400D8FC88 /* AccessToken.swift */,
				2E05E28023E8703E00D8FC88 /* Item.swift */,
				2E05E28223E871E000D8FC88 /* User.swift */,
				2E05E28423E8740100D8FC88 /* Group.swift */,
				2E05E28A23E8835100D8FC88 /* File.swift */,
			);
			path = Entities;
			sourceTree = "<group>";
		};
		2E05E29023EB02B000D8FC88 /* Resources */ = {
			isa = PBXGroup;
			children = (
				2E05E29123EB030A00D8FC88 /* articleData.json */,
			);
			path = Resources;
			sourceTree = "<group>";
		};
		2EF38C1323E301830035B96A = {
			isa = PBXGroup;
			children = (
				2EF38C1E23E301830035B96A /* SwiftUIForQiita */,
				2EF38C1D23E301830035B96A /* Products */,
			);
			sourceTree = "<group>";
		};
		2EF38C1D23E301830035B96A /* Products */ = {
			isa = PBXGroup;
			children = (
				2EF38C1C23E301830035B96A /* SwiftUIForQiita.app */,
			);
			name = Products;
			sourceTree = "<group>";
		};
		2EF38C1E23E301830035B96A /* SwiftUIForQiita */ = {
			isa = PBXGroup;
			children = (
				2E05E29023EB02B000D8FC88 /* Resources */,
				2E05E25923E5462300D8FC88 /* QiitaKit */,
				2EF38C3923E304770035B96A /* View */,
				2EF38C3623E302290035B96A /* ViewModel */,
				2EF38C3323E301F20035B96A /* Model */,
				2EF38C1F23E301830035B96A /* AppDelegate.swift */,
				2EF38C2123E301830035B96A /* SceneDelegate.swift */,
				2EF38C2523E301850035B96A /* Assets.xcassets */,
				2EF38C2A23E301850035B96A /* LaunchScreen.storyboard */,
				2EF38C2D23E301850035B96A /* Info.plist */,
				2EF38C2723E301850035B96A /* Preview Content */,
				2E05E27123E56D0500D8FC88 /* Config.plist */,
				2E05E28E23EB01B000D8FC88 /* Data.swift */,
			);
			path = SwiftUIForQiita;
			sourceTree = "<group>";
		};
		2EF38C2723E301850035B96A /* Preview Content */ = {
			isa = PBXGroup;
			children = (
				2EF38C2823E301850035B96A /* Preview Assets.xcassets */,
			);
			path = "Preview Content";
			sourceTree = "<group>";
		};
		2EF38C3323E301F20035B96A /* Model */ = {
			isa = PBXGroup;
			children = (
				2EF38C3423E302030035B96A /* QiitaStruct.swift */,
			);
			path = Model;
			sourceTree = "<group>";
		};
		2EF38C3623E302290035B96A /* ViewModel */ = {
			isa = PBXGroup;
			children = (
				2EF38C3723E302320035B96A /* QiitaViewModel.swift */,
				2EF38C3E23E315220035B96A /* QiitaListViewModel.swift */,
				2E05E29523EC3D6400D8FC88 /* AuthorDisplayVM.swift */,
				2E02A5DD23EEA4DA00B7E688 /* QiitaRecentlyListViewModel.swift */,
			);
			path = ViewModel;
			sourceTree = "<group>";
		};
		2EF38C3923E304770035B96A /* View */ = {
			isa = PBXGroup;
			children = (
				2EF38C3C23E3049B0035B96A /* QiitaArticleView.swift */,
				2E05E25523E449E300D8FC88 /* SafariView.swift */,
				2E05E27323E570ED00D8FC88 /* AuthorizedView.swift */,
				2E05E27523E5768800D8FC88 /* LoginView.swift */,
				2E05E29323EC3C0200D8FC88 /* QiitaArticleRowView.swift */,
				2EF38C2323E301830035B96A /* ContentView.swift */,
				2E05E28C23E9419900D8FC88 /* RootView.swift */,
				2EDB90B6241A241C00BB5F74 /* QiitaArticleFavoriteView.swift */,
				2EDB90B8241A248D00BB5F74 /* QiitaArticleHistoryView.swift */,
				2EDB90BD241A349600BB5F74 /* ActivityIndicatorView.swift */,
			);
			path = View;
			sourceTree = "<group>";
		};
/* End PBXGroup section */

/* Begin PBXNativeTarget section */
		2EF38C1B23E301830035B96A /* SwiftUIForQiita */ = {
			isa = PBXNativeTarget;
			buildConfigurationList = 2EF38C3023E301850035B96A /* Build configuration list for PBXNativeTarget "SwiftUIForQiita" */;
			buildPhases = (
				2EF38C1823E301830035B96A /* Sources */,
				2EF38C1923E301830035B96A /* Frameworks */,
				2EF38C1A23E301830035B96A /* Resources */,
			);
			buildRules = (
			);
			dependencies = (
			);
			name = SwiftUIForQiita;
			packageProductDependencies = (
				2EDB90B4241A1EA900BB5F74 /* SwiftUIRefresh */,
				2EDB90BB241A300400BB5F74 /* SwiftDate */,
			);
			productName = SwiftUIForQiita;
			productReference = 2EF38C1C23E301830035B96A /* SwiftUIForQiita.app */;
			productType = "com.apple.product-type.application";
		};
/* End PBXNativeTarget section */

/* Begin PBXProject section */
		2EF38C1423E301830035B96A /* Project object */ = {
			isa = PBXProject;
			attributes = {
				LastSwiftUpdateCheck = 1130;
				LastUpgradeCheck = 1130;
				ORGANIZATIONNAME = "仲村渠亨";
				TargetAttributes = {
					2EF38C1B23E301830035B96A = {
						CreatedOnToolsVersion = 11.3.1;
					};
				};
			};
			buildConfigurationList = 2EF38C1723E301830035B96A /* Build configuration list for PBXProject "SwiftUIForQiita" */;
			compatibilityVersion = "Xcode 9.3";
			developmentRegion = en;
			hasScannedForEncodings = 0;
			knownRegions = (
				en,
				Base,
			);
			mainGroup = 2EF38C1323E301830035B96A;
			packageReferences = (
				2EDB90B3241A1EA800BB5F74 /* XCRemoteSwiftPackageReference "SwiftUIRefresh" */,
				2EDB90BA241A300400BB5F74 /* XCRemoteSwiftPackageReference "SwiftDate" */,
			);
			productRefGroup = 2EF38C1D23E301830035B96A /* Products */;
			projectDirPath = "";
			projectRoot = "";
			targets = (
				2EF38C1B23E301830035B96A /* SwiftUIForQiita */,
			);
		};
/* End PBXProject section */

/* Begin PBXResourcesBuildPhase section */
		2EF38C1A23E301830035B96A /* Resources */ = {
			isa = PBXResourcesBuildPhase;
			buildActionMask = 2147483647;
			files = (
				2E05E29223EB030A00D8FC88 /* articleData.json in Resources */,
				2E05E27223E56D0500D8FC88 /* Config.plist in Resources */,
				2EF38C2C23E301850035B96A /* LaunchScreen.storyboard in Resources */,
				2EF38C2923E301850035B96A /* Preview Assets.xcassets in Resources */,
				2EF38C2623E301850035B96A /* Assets.xcassets in Resources */,
			);
			runOnlyForDeploymentPostprocessing = 0;
		};
/* End PBXResourcesBuildPhase section */

/* Begin PBXSourcesBuildPhase section */
		2EF38C1823E301830035B96A /* Sources */ = {
			isa = PBXSourcesBuildPhase;
			buildActionMask = 2147483647;
			files = (
				2E05E25C23E5464700D8FC88 /* KeychainWrapper.swift in Sources */,
				2E05E28723E8750400D8FC88 /* GetItemsRequest.swift in Sources */,
				2E05E26423E5572000D8FC88 /* AuthManager.swift in Sources */,
				2E05E29423EC3C0200D8FC88 /* QiitaArticleRowView.swift in Sources */,
				2EF38C3D23E3049B0035B96A /* QiitaArticleView.swift in Sources */,
				2E05E28323E871E000D8FC88 /* User.swift in Sources */,
				2E05E28B23E8835100D8FC88 /* File.swift in Sources */,
				2E05E27423E570ED00D8FC88 /* AuthorizedView.swift in Sources */,
				2E05E28123E8703E00D8FC88 /* Item.swift in Sources */,
				2E05E26723E557C700D8FC88 /* QiitaKitError.swift in Sources */,
				2EF38C2023E301830035B96A /* AppDelegate.swift in Sources */,
				2E05E29623EC3D6400D8FC88 /* AuthorDisplayVM.swift in Sources */,
				2E05E27A23E57FE500D8FC88 /* AccessTokenRequest.swift in Sources */,
				2E05E27823E57A9600D8FC88 /* NSURL+Fragments.swift in Sources */,
				2E05E25623E449E300D8FC88 /* SafariView.swift in Sources */,
				2E05E28F23EB01B000D8FC88 /* Data.swift in Sources */,
				2EF38C3523E302030035B96A /* QiitaStruct.swift in Sources */,
				2E02A5E023EFD44D00B7E688 /* QiitaItemStoreManager.swift in Sources */,
				2E05E28D23E9419900D8FC88 /* RootView.swift in Sources */,
				2E05E26A23E5589D00D8FC88 /* CustomStringConvertible+Default.swift in Sources */,
				2EDB90B7241A241C00BB5F74 /* QiitaArticleFavoriteView.swift in Sources */,
				2E05E26C23E562F500D8FC88 /* AuthorizeRequest.swift in Sources */,
				2E05E27023E5660B00D8FC88 /* EmptyResponse.swift in Sources */,
				2E02A5DE23EEA4DA00B7E688 /* QiitaRecentlyListViewModel.swift in Sources */,
				2EDB90BE241A349600BB5F74 /* ActivityIndicatorView.swift in Sources */,
				2EF38C2223E301830035B96A /* SceneDelegate.swift in Sources */,
				2E05E28923E8766200D8FC88 /* PageableResponse.swift in Sources */,
				2EF38C3823E302320035B96A /* QiitaViewModel.swift in Sources */,
				2E05E26E23E5635600D8FC88 /* QiitaAPI.swift in Sources */,
				2EDB90B9241A248D00BB5F74 /* QiitaArticleHistoryView.swift in Sources */,
				2E05E27F23E86F1900D8FC88 /* GetItemRequest.swift in Sources */,
				2E05E28523E8740100D8FC88 /* Group.swift in Sources */,
				2EF38C2423E301830035B96A /* ContentView.swift in Sources */,
				2E05E25F23E5513500D8FC88 /* QiitaRequest.swift in Sources */,
				2E05E27623E5768800D8FC88 /* LoginView.swift in Sources */,
				2E05E26223E551A000D8FC88 /* QiitaResponse.swift in Sources */,
				2EF38C3F23E315220035B96A /* QiitaListViewModel.swift in Sources */,
				2E05E27D23E5806400D8FC88 /* AccessToken.swift in Sources */,
				2E944B4023EE9F3F00DEB664 /* UserDefaultManager.swift in Sources */,
			);
			runOnlyForDeploymentPostprocessing = 0;
		};
/* End PBXSourcesBuildPhase section */

/* Begin PBXVariantGroup section */
		2EF38C2A23E301850035B96A /* LaunchScreen.storyboard */ = {
			isa = PBXVariantGroup;
			children = (
				2EF38C2B23E301850035B96A /* Base */,
			);
			name = LaunchScreen.storyboard;
			sourceTree = "<group>";
		};
/* End PBXVariantGroup section */

/* Begin XCBuildConfiguration section */
		2EF38C2E23E301850035B96A /* Debug */ = {
			isa = XCBuildConfiguration;
			buildSettings = {
				ALWAYS_SEARCH_USER_PATHS = NO;
				CLANG_ANALYZER_NONNULL = YES;
				CLANG_ANALYZER_NUMBER_OBJECT_CONVERSION = YES_AGGRESSIVE;
				CLANG_CXX_LANGUAGE_STANDARD = "gnu++14";
				CLANG_CXX_LIBRARY = "libc++";
				CLANG_ENABLE_MODULES = YES;
				CLANG_ENABLE_OBJC_ARC = YES;
				CLANG_ENABLE_OBJC_WEAK = YES;
				CLANG_WARN_BLOCK_CAPTURE_AUTORELEASING = YES;
				CLANG_WARN_BOOL_CONVERSION = YES;
				CLANG_WARN_COMMA = YES;
				CLANG_WARN_CONSTANT_CONVERSION = YES;
				CLANG_WARN_DEPRECATED_OBJC_IMPLEMENTATIONS = YES;
				CLANG_WARN_DIRECT_OBJC_ISA_USAGE = YES_ERROR;
				CLANG_WARN_DOCUMENTATION_COMMENTS = YES;
				CLANG_WARN_EMPTY_BODY = YES;
				CLANG_WARN_ENUM_CONVERSION = YES;
				CLANG_WARN_INFINITE_RECURSION = YES;
				CLANG_WARN_INT_CONVERSION = YES;
				CLANG_WARN_NON_LITERAL_NULL_CONVERSION = YES;
				CLANG_WARN_OBJC_IMPLICIT_RETAIN_SELF = YES;
				CLANG_WARN_OBJC_LITERAL_CONVERSION = YES;
				CLANG_WARN_OBJC_ROOT_CLASS = YES_ERROR;
				CLANG_WARN_RANGE_LOOP_ANALYSIS = YES;
				CLANG_WARN_STRICT_PROTOTYPES = YES;
				CLANG_WARN_SUSPICIOUS_MOVE = YES;
				CLANG_WARN_UNGUARDED_AVAILABILITY = YES_AGGRESSIVE;
				CLANG_WARN_UNREACHABLE_CODE = YES;
				CLANG_WARN__DUPLICATE_METHOD_MATCH = YES;
				COPY_PHASE_STRIP = NO;
				DEBUG_INFORMATION_FORMAT = dwarf;
				ENABLE_STRICT_OBJC_MSGSEND = YES;
				ENABLE_TESTABILITY = YES;
				GCC_C_LANGUAGE_STANDARD = gnu11;
				GCC_DYNAMIC_NO_PIC = NO;
				GCC_NO_COMMON_BLOCKS = YES;
				GCC_OPTIMIZATION_LEVEL = 0;
				GCC_PREPROCESSOR_DEFINITIONS = (
					"DEBUG=1",
					"$(inherited)",
				);
				GCC_WARN_64_TO_32_BIT_CONVERSION = YES;
				GCC_WARN_ABOUT_RETURN_TYPE = YES_ERROR;
				GCC_WARN_UNDECLARED_SELECTOR = YES;
				GCC_WARN_UNINITIALIZED_AUTOS = YES_AGGRESSIVE;
				GCC_WARN_UNUSED_FUNCTION = YES;
				GCC_WARN_UNUSED_VARIABLE = YES;
				IPHONEOS_DEPLOYMENT_TARGET = 13.2;
				MTL_ENABLE_DEBUG_INFO = INCLUDE_SOURCE;
				MTL_FAST_MATH = YES;
				ONLY_ACTIVE_ARCH = YES;
				SDKROOT = iphoneos;
				SWIFT_ACTIVE_COMPILATION_CONDITIONS = DEBUG;
				SWIFT_OPTIMIZATION_LEVEL = "-Onone";
			};
			name = Debug;
		};
		2EF38C2F23E301850035B96A /* Release */ = {
			isa = XCBuildConfiguration;
			buildSettings = {
				ALWAYS_SEARCH_USER_PATHS = NO;
				CLANG_ANALYZER_NONNULL = YES;
				CLANG_ANALYZER_NUMBER_OBJECT_CONVERSION = YES_AGGRESSIVE;
				CLANG_CXX_LANGUAGE_STANDARD = "gnu++14";
				CLANG_CXX_LIBRARY = "libc++";
				CLANG_ENABLE_MODULES = YES;
				CLANG_ENABLE_OBJC_ARC = YES;
				CLANG_ENABLE_OBJC_WEAK = YES;
				CLANG_WARN_BLOCK_CAPTURE_AUTORELEASING = YES;
				CLANG_WARN_BOOL_CONVERSION = YES;
				CLANG_WARN_COMMA = YES;
				CLANG_WARN_CONSTANT_CONVERSION = YES;
				CLANG_WARN_DEPRECATED_OBJC_IMPLEMENTATIONS = YES;
				CLANG_WARN_DIRECT_OBJC_ISA_USAGE = YES_ERROR;
				CLANG_WARN_DOCUMENTATION_COMMENTS = YES;
				CLANG_WARN_EMPTY_BODY = YES;
				CLANG_WARN_ENUM_CONVERSION = YES;
				CLANG_WARN_INFINITE_RECURSION = YES;
				CLANG_WARN_INT_CONVERSION = YES;
				CLANG_WARN_NON_LITERAL_NULL_CONVERSION = YES;
				CLANG_WARN_OBJC_IMPLICIT_RETAIN_SELF = YES;
				CLANG_WARN_OBJC_LITERAL_CONVERSION = YES;
				CLANG_WARN_OBJC_ROOT_CLASS = YES_ERROR;
				CLANG_WARN_RANGE_LOOP_ANALYSIS = YES;
				CLANG_WARN_STRICT_PROTOTYPES = YES;
				CLANG_WARN_SUSPICIOUS_MOVE = YES;
				CLANG_WARN_UNGUARDED_AVAILABILITY = YES_AGGRESSIVE;
				CLANG_WARN_UNREACHABLE_CODE = YES;
				CLANG_WARN__DUPLICATE_METHOD_MATCH = YES;
				COPY_PHASE_STRIP = NO;
				DEBUG_INFORMATION_FORMAT = "dwarf-with-dsym";
				ENABLE_NS_ASSERTIONS = NO;
				ENABLE_STRICT_OBJC_MSGSEND = YES;
				GCC_C_LANGUAGE_STANDARD = gnu11;
				GCC_NO_COMMON_BLOCKS = YES;
				GCC_WARN_64_TO_32_BIT_CONVERSION = YES;
				GCC_WARN_ABOUT_RETURN_TYPE = YES_ERROR;
				GCC_WARN_UNDECLARED_SELECTOR = YES;
				GCC_WARN_UNINITIALIZED_AUTOS = YES_AGGRESSIVE;
				GCC_WARN_UNUSED_FUNCTION = YES;
				GCC_WARN_UNUSED_VARIABLE = YES;
				IPHONEOS_DEPLOYMENT_TARGET = 13.2;
				MTL_ENABLE_DEBUG_INFO = NO;
				MTL_FAST_MATH = YES;
				SDKROOT = iphoneos;
				SWIFT_COMPILATION_MODE = wholemodule;
				SWIFT_OPTIMIZATION_LEVEL = "-O";
				VALIDATE_PRODUCT = YES;
			};
			name = Release;
		};
		2EF38C3123E301850035B96A /* Debug */ = {
			isa = XCBuildConfiguration;
			buildSettings = {
				ASSETCATALOG_COMPILER_APPICON_NAME = AppIcon;
				CODE_SIGN_IDENTITY = "Apple Development";
				CODE_SIGN_STYLE = Automatic;
				DEVELOPMENT_ASSET_PATHS = "\"SwiftUIForQiita/Preview Content\"";
				DEVELOPMENT_TEAM = 7N745L43Q5;
				ENABLE_PREVIEWS = YES;
				INFOPLIST_FILE = SwiftUIForQiita/Info.plist;
				LD_RUNPATH_SEARCH_PATHS = (
					"$(inherited)",
					"@executable_path/Frameworks",
				);
				PRODUCT_BUNDLE_IDENTIFIER = "com.t-nakandakari.SwiftUI-ForQiitaClient";
				PRODUCT_NAME = "$(TARGET_NAME)";
				PROVISIONING_PROFILE_SPECIFIER = "";
				SWIFT_VERSION = 5.0;
				TARGETED_DEVICE_FAMILY = "1,2";
			};
			name = Debug;
		};
		2EF38C3223E301850035B96A /* Release */ = {
			isa = XCBuildConfiguration;
			buildSettings = {
				ASSETCATALOG_COMPILER_APPICON_NAME = AppIcon;
				CODE_SIGN_IDENTITY = "Apple Development";
				CODE_SIGN_STYLE = Automatic;
				DEVELOPMENT_ASSET_PATHS = "\"SwiftUIForQiita/Preview Content\"";
				DEVELOPMENT_TEAM = 7N745L43Q5;
				ENABLE_PREVIEWS = YES;
				INFOPLIST_FILE = SwiftUIForQiita/Info.plist;
				LD_RUNPATH_SEARCH_PATHS = (
					"$(inherited)",
					"@executable_path/Frameworks",
				);
				PRODUCT_BUNDLE_IDENTIFIER = "com.t-nakandakari.SwiftUI-ForQiitaClient";
				PRODUCT_NAME = "$(TARGET_NAME)";
				PROVISIONING_PROFILE_SPECIFIER = "";
				SWIFT_VERSION = 5.0;
				TARGETED_DEVICE_FAMILY = "1,2";
			};
			name = Release;
		};
/* End XCBuildConfiguration section */

/* Begin XCConfigurationList section */
		2EF38C1723E301830035B96A /* Build configuration list for PBXProject "SwiftUIForQiita" */ = {
			isa = XCConfigurationList;
			buildConfigurations = (
				2EF38C2E23E301850035B96A /* Debug */,
				2EF38C2F23E301850035B96A /* Release */,
			);
			defaultConfigurationIsVisible = 0;
			defaultConfigurationName = Release;
		};
		2EF38C3023E301850035B96A /* Build configuration list for PBXNativeTarget "SwiftUIForQiita" */ = {
			isa = XCConfigurationList;
			buildConfigurations = (
				2EF38C3123E301850035B96A /* Debug */,
				2EF38C3223E301850035B96A /* Release */,
			);
			defaultConfigurationIsVisible = 0;
			defaultConfigurationName = Release;
		};
/* End XCConfigurationList section */

/* Begin XCRemoteSwiftPackageReference section */
		2EDB90B3241A1EA800BB5F74 /* XCRemoteSwiftPackageReference "SwiftUIRefresh" */ = {
			isa = XCRemoteSwiftPackageReference;
			repositoryURL = "https://github.com/timbersoftware/SwiftUIRefresh.git";
			requirement = {
				kind = upToNextMajorVersion;
				minimumVersion = 0.0.2;
			};
		};
		2EDB90BA241A300400BB5F74 /* XCRemoteSwiftPackageReference "SwiftDate" */ = {
			isa = XCRemoteSwiftPackageReference;
			repositoryURL = "https://github.com/malcommac/SwiftDate";
			requirement = {
				kind = upToNextMajorVersion;
				minimumVersion = 6.1.0;
			};
		};
/* End XCRemoteSwiftPackageReference section */

/* Begin XCSwiftPackageProductDependency section */
		2EDB90B4241A1EA900BB5F74 /* SwiftUIRefresh */ = {
			isa = XCSwiftPackageProductDependency;
			package = 2EDB90B3241A1EA800BB5F74 /* XCRemoteSwiftPackageReference "SwiftUIRefresh" */;
			productName = SwiftUIRefresh;
		};
		2EDB90BB241A300400BB5F74 /* SwiftDate */ = {
			isa = XCSwiftPackageProductDependency;
			package = 2EDB90BA241A300400BB5F74 /* XCRemoteSwiftPackageReference "SwiftDate" */;
			productName = SwiftDate;
		};
/* End XCSwiftPackageProductDependency section */
	};
	rootObject = 2EF38C1423E301830035B96A /* Project object */;
}
